{
  "name": "konfirmasi-pembayaran-kas-kelas",
  "version": "0.1.0",
  "lockfileVersion": 3,
  "requires": true,
  "packages": {
    "": {
      "name": "konfirmasi-pembayaran-kas-kelas",
      "version": "0.1.0",
      "hasInstallScript": true,
      "license": "ISC",
      "dependencies": {
        "pg": "^8.13.1"
      }
    },
    "node_modules/buffer-writer": {
      "version": "2.0.0",
      "resolved": "https://registry.npmjs.org/buffer-writer/-/buffer-writer-2.0.0.tgz",
      "integrity": "sha512-a7fvtF0rrI9qmDuYTrH6T4QKMcuBUUKZHn3tYs9yJ/jDaf5cTCGKZqKXEQgOkVGuG8vYug2dF+L74ibPP5w5wA==",
      "engines": {
        "node": ">=4"
      }
    },
    "node_modules/packet-reader": {
      "version": "1.0.0",
      "resolved": "https://registry.npmjs.org/packet-reader/-/packet-reader-1.0.0.tgz",
      "integrity": "sha512-HAKu/fG3HpHFO0AA8WE8q2g+gBJaZ9MG7fcKk+IJPLTGAD6Psw4443l+9DGRbOIh3/aXr7Phy0TjilYivJo5XQ=="
    },
    "node_modules/pg": {
      "version": "8.13.1",
      "resolved": "https://registry.npmjs.org/pg/-/pg-8.13.1.tgz",
      "integrity": "sha512-/kReGpETepXpxkbI51Sl5W9vG0BMTWBHjr+USgRbBWPZvqxDxRW0ZVaeJy3kOrR7sU0KquPWlG36Q/N7+4G5sA==",
      "dependencies": {
        "buffer-writer": "2.0.0",
        "packet-reader": "1.0.0",
        "pg-connection-string": "^2.6.4",
        "pg-pool": "^3.6.2",
        "pg-protocol": "^1.6.0",
        "pg-types": "^2.2.0",
        "pgpass": "1.x"
      },
      "engines": {
        "node": ">= 14"
      },
      "optionalDependencies": {
        "pg-cloudflare": "^1.1.1"
      }
    },
    "node_modules/pg-cloudflare": {
      "version": "1.1.1",
      "resolved": "https://registry.npmjs.org/pg-cloudflare/-/pg-cloudflare-1.1.1.tgz",
      "integrity": "sha512-xWPagP/4B6BgFO+EKz3JONXvkIoyIy8mD0Hdywvifijv6t7tG15Qwimwzq0ZioRiW1ifR9G8sZ1jM9fGJ7CG8g==",
      "optional": true
    },
    "node_modules/pg-connection-string": {
      "version": "2.7.0",
      "resolved": "https://registry.npmjs.org/pg-connection-string/-/pg-connection-string-2.7.0.tgz",
      "integrity": "sha512-TL2ZzAjO6NFSO5L/Dnhd2I2JA4dbOkOGC/zSjmL8voIgtCrs6ECMvmPPhypers9I7VJTZ7+IC+t+fSEA4iB6rQ=="
    },
    "node_modules/pg-int8": {
      "version": "1.0.1",
      "resolved": "https://registry.npmjs.org/pg-int8/-/pg-int8-1.0.1.tgz",
      "integrity": "sha512-A5fC0FiDK3WZl/uU8x3V9IaTASCducpWlkIXr6uIJ8tAgKpQ3cKOEdnS5xJBJNbpswpJ8Pf7T6uhO7AcW2LzRw==",
      "engines": {
        "node": ">=4"
      }
    },
    "node_modules/pg-pool": {
      "version": "3.6.2",
      "resolved": "https://registry.npmjs.org/pg-pool/-/pg-pool-3.6.2.tgz",
      "integrity": "sha512-icsECHOGj0I/LvVRg4p8gHMVg/PLwJj88C3xqhtFl7o7m0Pe2JMW/PF88H0tnodtgAw5X8F15J7hBTNDLc9zxw==",
      "peerDependencies": {
        "pg": ">=8.0"
      }
    },
    "node_modules/pg-protocol": {
      "version": "1.6.1",
      "resolved": "https://registry.npmjs.org/pg-protocol/-/pg-protocol-1.6.1.tgz",
      "integrity": "sha512-jPIl3qkw1y0E7P8f1K7V0nzFV8jdWj6GLaqhezECaY6gM4nQ0t+B8y1lB5S0rHV7TBuC45YvwXjsqc0G7BCbTg=="
    },
    "node_modules/pg-types": {
      "version": "2.2.0",
      "resolved": "https://registry.npmjs.org/pg-types/-/pg-types-2.2.0.tgz",
      "integrity": "sha512-qTAAlrEsl8sQ1X+rj2OaJM8VF1UQ34E+cZiHnkeJHAIkXDPLbt5q9cQtbdxG+C82foqmHqWDPZ3/Z/1aSZIUwg==",
      "dependencies": {
        "pg-int8": "1.0.1",
        "postgres-array": "~2.0.0",
        "postgres-bytea": "~1.0.0",
        "postgres-date": "~1.0.4",
        "postgres-interval": "^1.1.0"
      },
      "engines": {
        "node": ">=4"
      }
    },
    "node_modules/pgpass": {
      "version": "1.0.5",
      "resolved": "https://registry.npmjs.org/pgpass/-/pgpass-1.0.5.tgz",
      "integrity": "sha512-FdW9r/jQZhSeohs1Z3sI1yxFQNFvMcnmfuj4WBMUTx0tRq5jwHZbFVaRd1Du5AhO1ResUBl/slp2mkK8YUc9dA==",
      "dependencies": {
        "split2": "^4.1.0"
      }
    },
    "node_modules/postgres-array": {
      "version": "2.0.0",
      "resolved": "https://registry.npmjs.org/postgres-array/-/postgres-array-2.0.0.tgz",
      "integrity": "sha512-VpZrUqU5A69eQyW2cEDyVhygF6kuUaVdhcRY6t0sQ63YLY/2URi7EsHBJtkad1c4nZx7q58qep7PeK7TfGs4bA==",
      "engines": {
        "node": ">=0.10.0"
      }
    },
    "node_modules/postgres-bytea": {
      "version": "1.0.0",
      "resolved": "https://registry.npmjs.org/postgres-bytea/-/postgres-bytea-1.0.0.tgz",
      "integrity": "sha512-4r8y95LAd3wMN2vy55mEO+x5rHV4VG0u+8lK30C1mPUcXczoTeIIVVSS43cDnPb3xO/1SYawqYVWK+csbisZZA==",
      "engines": {
        "node": ">=0.10.0"
      }
    },
    "node_modules/postgres-date": {
      "version": "1.0.7",
      "resolved": "https://registry.npmjs.org/postgres-date/-/postgres-date-1.0.7.tgz",
      "integrity": "sha512-suDmjLVQg78nMK2UZ454hAG+OAW+HQPZ6n++TNDUX+L0+uUlLywnoxJKDou51Zm+zTCjrCl0Nq6J9C5hP9vK/Q==",
      "engines": {
        "node": ">=0.10.0"
      }
    },
    "node_modules/postgres-interval": {
      "version": "1.2.0",
      "resolved": "https://registry.npmjs.org/postgres-interval/-/postgres-interval-1.2.0.tgz",
      "integrity": "sha512-9ZhXKM/rw350N1ovuWHbGxnGh/SNJ4cnxHiM0rxE4VN41wsg8P8zWn9qchGv0HwxkPMyzRR2p0L/V9n44tBnlA==",
      "dependencies": {
        "xtend": "^4.0.0"
      },
      "engines": {
        "node": ">=0.10.0"
      }
    },
    "node_modules/split2": {
      "version": "4.2.0",
      "resolved": "https://registry.npmjs.org/split2/-/split2-4.2.0.tgz",
      "integrity": "sha512-UcjcJOWknrNKfgGCS4BLkWB53XfWrV07pM07mfgp53xmv1CF2VFRwUnArbtgVchB9FQv7dgnpDHMAHMiJ5Efcw==",
      "engines": {
        "node": ">= 10.x"
      }
    },
    "node_modules/xtend": {
      "version": "4.0.2",
      "resolved": "https://registry.npmjs.org/xtend/-/xtend-4.0.2.tgz",
      "integrity": "sha512-LKYU1iAXJXUgAXn9URjiu+MWhyM3eKds5j5IHpQpQG6X6gbK4+hZ6kTsc1tGAZDOuZ2/5pO8H2K3wDkLrTZKcA==",
      "engines": {
        "node": ">=0.4"
      }
    }
  }
}
